// !$*UTF8*$!
{
	archiveVersion = 1;
	classes = {
	};
	objectVersion = 46;
	objects = {

/* Begin PBXBuildFile section */
		FE41A8E21B920E8E00B72C9C /* LabelInterfaceController.swift in Sources */ = {isa = PBXBuildFile; fileRef = FE41A8E11B920E8E00B72C9C /* LabelInterfaceController.swift */; };
		FE41A8F71B92189600B72C9C /* Exo-Black.otf in Resources */ = {isa = PBXBuildFile; fileRef = FE41A8E41B92189600B72C9C /* Exo-Black.otf */; };
		FE41A8F81B92189600B72C9C /* Exo-BlackItalic.otf in Resources */ = {isa = PBXBuildFile; fileRef = FE41A8E51B92189600B72C9C /* Exo-BlackItalic.otf */; };
		FE41A8F91B92189600B72C9C /* Exo-Bold.otf in Resources */ = {isa = PBXBuildFile; fileRef = FE41A8E61B92189600B72C9C /* Exo-Bold.otf */; };
		FE41A8FA1B92189600B72C9C /* Exo-BoldItalic.otf in Resources */ = {isa = PBXBuildFile; fileRef = FE41A8E71B92189600B72C9C /* Exo-BoldItalic.otf */; };
		FE41A8FB1B92189600B72C9C /* Exo-ExtraBold.otf in Resources */ = {isa = PBXBuildFile; fileRef = FE41A8E81B92189600B72C9C /* Exo-ExtraBold.otf */; };
		FE41A8FC1B92189600B72C9C /* Exo-ExtraBoldItalic.otf in Resources */ = {isa = PBXBuildFile; fileRef = FE41A8E91B92189600B72C9C /* Exo-ExtraBoldItalic.otf */; };
		FE41A8FD1B92189600B72C9C /* Exo-ExtraLight.otf in Resources */ = {isa = PBXBuildFile; fileRef = FE41A8EA1B92189600B72C9C /* Exo-ExtraLight.otf */; };
		FE41A8FE1B92189600B72C9C /* Exo-ExtraLightItalic.otf in Resources */ = {isa = PBXBuildFile; fileRef = FE41A8EB1B92189600B72C9C /* Exo-ExtraLightItalic.otf */; };
		FE41A8FF1B92189600B72C9C /* Exo-Italic.otf in Resources */ = {isa = PBXBuildFile; fileRef = FE41A8EC1B92189600B72C9C /* Exo-Italic.otf */; };
		FE41A9001B92189600B72C9C /* Exo-Light.otf in Resources */ = {isa = PBXBuildFile; fileRef = FE41A8ED1B92189600B72C9C /* Exo-Light.otf */; };
		FE41A9011B92189600B72C9C /* Exo-LightItalic.otf in Resources */ = {isa = PBXBuildFile; fileRef = FE41A8EE1B92189600B72C9C /* Exo-LightItalic.otf */; };
		FE41A9021B92189600B72C9C /* Exo-Medium.otf in Resources */ = {isa = PBXBuildFile; fileRef = FE41A8EF1B92189600B72C9C /* Exo-Medium.otf */; };
		FE41A9031B92189600B72C9C /* Exo-MediumItalic.otf in Resources */ = {isa = PBXBuildFile; fileRef = FE41A8F01B92189600B72C9C /* Exo-MediumItalic.otf */; };
		FE41A9041B92189600B72C9C /* Exo-Regular.otf in Resources */ = {isa = PBXBuildFile; fileRef = FE41A8F11B92189600B72C9C /* Exo-Regular.otf */; };
		FE41A9051B92189600B72C9C /* Exo-SemiBold.otf in Resources */ = {isa = PBXBuildFile; fileRef = FE41A8F21B92189600B72C9C /* Exo-SemiBold.otf */; };
		FE41A9061B92189600B72C9C /* Exo-SemiBoldItalic.otf in Resources */ = {isa = PBXBuildFile; fileRef = FE41A8F31B92189600B72C9C /* Exo-SemiBoldItalic.otf */; };
		FE41A9071B92189600B72C9C /* Exo-Thin.otf in Resources */ = {isa = PBXBuildFile; fileRef = FE41A8F41B92189600B72C9C /* Exo-Thin.otf */; };
		FE41A9081B92189600B72C9C /* Exo-ThinItalic.otf in Resources */ = {isa = PBXBuildFile; fileRef = FE41A8F51B92189600B72C9C /* Exo-ThinItalic.otf */; };
		FE41A9091B92189600B72C9C /* SIL Open Font License.txt in Resources */ = {isa = PBXBuildFile; fileRef = FE41A8F61B92189600B72C9C /* SIL Open Font License.txt */; };
		FE41A91F1B9218C800B72C9C /* Exo-Black.otf in Resources */ = {isa = PBXBuildFile; fileRef = FE41A90C1B9218C800B72C9C /* Exo-Black.otf */; };
		FE41A9201B9218C800B72C9C /* Exo-BlackItalic.otf in Resources */ = {isa = PBXBuildFile; fileRef = FE41A90D1B9218C800B72C9C /* Exo-BlackItalic.otf */; };
		FE41A9211B9218C800B72C9C /* Exo-Bold.otf in Resources */ = {isa = PBXBuildFile; fileRef = FE41A90E1B9218C800B72C9C /* Exo-Bold.otf */; };
		FE41A9221B9218C800B72C9C /* Exo-BoldItalic.otf in Resources */ = {isa = PBXBuildFile; fileRef = FE41A90F1B9218C800B72C9C /* Exo-BoldItalic.otf */; };
		FE41A9231B9218C800B72C9C /* Exo-ExtraBold.otf in Resources */ = {isa = PBXBuildFile; fileRef = FE41A9101B9218C800B72C9C /* Exo-ExtraBold.otf */; };
		FE41A9241B9218C800B72C9C /* Exo-ExtraBoldItalic.otf in Resources */ = {isa = PBXBuildFile; fileRef = FE41A9111B9218C800B72C9C /* Exo-ExtraBoldItalic.otf */; };
		FE41A9251B9218C800B72C9C /* Exo-ExtraLight.otf in Resources */ = {isa = PBXBuildFile; fileRef = FE41A9121B9218C800B72C9C /* Exo-ExtraLight.otf */; };
		FE41A9261B9218C800B72C9C /* Exo-ExtraLightItalic.otf in Resources */ = {isa = PBXBuildFile; fileRef = FE41A9131B9218C800B72C9C /* Exo-ExtraLightItalic.otf */; };
		FE41A9271B9218C800B72C9C /* Exo-Italic.otf in Resources */ = {isa = PBXBuildFile; fileRef = FE41A9141B9218C800B72C9C /* Exo-Italic.otf */; };
		FE41A9281B9218C800B72C9C /* Exo-Light.otf in Resources */ = {isa = PBXBuildFile; fileRef = FE41A9151B9218C800B72C9C /* Exo-Light.otf */; };
		FE41A9291B9218C800B72C9C /* Exo-LightItalic.otf in Resources */ = {isa = PBXBuildFile; fileRef = FE41A9161B9218C800B72C9C /* Exo-LightItalic.otf */; };
		FE41A92A1B9218C800B72C9C /* Exo-Medium.otf in Resources */ = {isa = PBXBuildFile; fileRef = FE41A9171B9218C800B72C9C /* Exo-Medium.otf */; };
		FE41A92B1B9218C800B72C9C /* Exo-MediumItalic.otf in Resources */ = {isa = PBXBuildFile; fileRef = FE41A9181B9218C800B72C9C /* Exo-MediumItalic.otf */; };
		FE41A92C1B9218C800B72C9C /* Exo-Regular.otf in Resources */ = {isa = PBXBuildFile; fileRef = FE41A9191B9218C800B72C9C /* Exo-Regular.otf */; };
		FE41A92D1B9218C800B72C9C /* Exo-SemiBold.otf in Resources */ = {isa = PBXBuildFile; fileRef = FE41A91A1B9218C800B72C9C /* Exo-SemiBold.otf */; };
		FE41A92E1B9218C800B72C9C /* Exo-SemiBoldItalic.otf in Resources */ = {isa = PBXBuildFile; fileRef = FE41A91B1B9218C800B72C9C /* Exo-SemiBoldItalic.otf */; };
		FE41A92F1B9218C800B72C9C /* Exo-Thin.otf in Resources */ = {isa = PBXBuildFile; fileRef = FE41A91C1B9218C800B72C9C /* Exo-Thin.otf */; };
		FE41A9301B9218C800B72C9C /* Exo-ThinItalic.otf in Resources */ = {isa = PBXBuildFile; fileRef = FE41A91D1B9218C800B72C9C /* Exo-ThinItalic.otf */; };
		FE41A9311B9218C800B72C9C /* SIL Open Font License.txt in Resources */ = {isa = PBXBuildFile; fileRef = FE41A91E1B9218C800B72C9C /* SIL Open Font License.txt */; };
		FE62F8D61B936FDC0067305D /* ButtonInterfaceController.swift in Sources */ = {isa = PBXBuildFile; fileRef = FE62F8D51B936FDC0067305D /* ButtonInterfaceController.swift */; };
		FE62F8DC1B937EBE0067305D /* SwitchInterfaceController.swift in Sources */ = {isa = PBXBuildFile; fileRef = FE62F8DB1B937EBE0067305D /* SwitchInterfaceController.swift */; };
		FE63B8C91B8DD661002C06F7 /* AppDelegate.swift in Sources */ = {isa = PBXBuildFile; fileRef = FE63B8C81B8DD661002C06F7 /* AppDelegate.swift */; };
		FE63B8CB1B8DD661002C06F7 /* ViewController.swift in Sources */ = {isa = PBXBuildFile; fileRef = FE63B8CA1B8DD661002C06F7 /* ViewController.swift */; };
		FE63B8CE1B8DD661002C06F7 /* Main.storyboard in Resources */ = {isa = PBXBuildFile; fileRef = FE63B8CC1B8DD661002C06F7 /* Main.storyboard */; };
		FE63B8D01B8DD661002C06F7 /* Images.xcassets in Resources */ = {isa = PBXBuildFile; fileRef = FE63B8CF1B8DD661002C06F7 /* Images.xcassets */; };
		FE63B8D31B8DD661002C06F7 /* LaunchScreen.xib in Resources */ = {isa = PBXBuildFile; fileRef = FE63B8D11B8DD661002C06F7 /* LaunchScreen.xib */; };
		FE63B8DF1B8DD661002C06F7 /* WatchKitUITests.swift in Sources */ = {isa = PBXBuildFile; fileRef = FE63B8DE1B8DD661002C06F7 /* WatchKitUITests.swift */; };
		FE63B8F31B8DD728002C06F7 /* Images.xcassets in Resources */ = {isa = PBXBuildFile; fileRef = FE63B8F21B8DD728002C06F7 /* Images.xcassets */; };
		FE63B8F71B8DD728002C06F7 /* WatchKitUI WatchKit App.app in Resources */ = {isa = PBXBuildFile; fileRef = FE63B8F61B8DD728002C06F7 /* WatchKitUI WatchKit App.app */; };
		FE63B8FF1B8DD728002C06F7 /* Interface.storyboard in Resources */ = {isa = PBXBuildFile; fileRef = FE63B8FD1B8DD728002C06F7 /* Interface.storyboard */; };
		FE63B9011B8DD728002C06F7 /* Images.xcassets in Resources */ = {isa = PBXBuildFile; fileRef = FE63B9001B8DD728002C06F7 /* Images.xcassets */; };
		FE63B9041B8DD728002C06F7 /* WatchKitUI WatchKit Extension.appex in Embed App Extensions */ = {isa = PBXBuildFile; fileRef = FE63B8EC1B8DD728002C06F7 /* WatchKitUI WatchKit Extension.appex */; settings = {ATTRIBUTES = (RemoveHeadersOnCopy, ); }; };
/* End PBXBuildFile section */

/* Begin PBXContainerItemProxy section */
		FE63B8D91B8DD661002C06F7 /* PBXContainerItemProxy */ = {
			isa = PBXContainerItemProxy;
			containerPortal = FE63B8BB1B8DD661002C06F7 /* Project object */;
			proxyType = 1;
			remoteGlobalIDString = FE63B8C21B8DD661002C06F7;
			remoteInfo = WatchKitUI;
		};
		FE63B8F81B8DD728002C06F7 /* PBXContainerItemProxy */ = {
			isa = PBXContainerItemProxy;
			containerPortal = FE63B8BB1B8DD661002C06F7 /* Project object */;
			proxyType = 1;
			remoteGlobalIDString = FE63B8F51B8DD728002C06F7;
			remoteInfo = "WatchKitUI WatchKit App";
		};
		FE63B9021B8DD728002C06F7 /* PBXContainerItemProxy */ = {
			isa = PBXContainerItemProxy;
			containerPortal = FE63B8BB1B8DD661002C06F7 /* Project object */;
			proxyType = 1;
			remoteGlobalIDString = FE63B8EB1B8DD728002C06F7;
			remoteInfo = "WatchKitUI WatchKit Extension";
		};
/* End PBXContainerItemProxy section */

/* Begin PBXCopyFilesBuildPhase section */
		FE63B90B1B8DD728002C06F7 /* Embed App Extensions */ = {
			isa = PBXCopyFilesBuildPhase;
			buildActionMask = 2147483647;
			dstPath = "";
			dstSubfolderSpec = 13;
			files = (
				FE63B9041B8DD728002C06F7 /* WatchKitUI WatchKit Extension.appex in Embed App Extensions */,
			);
			name = "Embed App Extensions";
			runOnlyForDeploymentPostprocessing = 0;
		};
/* End PBXCopyFilesBuildPhase section */

/* Begin PBXFileReference section */
		FE41A8E01B920E8D00B72C9C /* WatchKitUI WatchKit Extension-Bridging-Header.h */ = {isa = PBXFileReference; lastKnownFileType = sourcecode.c.h; path = "WatchKitUI WatchKit Extension-Bridging-Header.h"; sourceTree = "<group>"; };
		FE41A8E11B920E8E00B72C9C /* LabelInterfaceController.swift */ = {isa = PBXFileReference; fileEncoding = 4; lastKnownFileType = sourcecode.swift; path = LabelInterfaceController.swift; sourceTree = "<group>"; };
		FE41A8E41B92189600B72C9C /* Exo-Black.otf */ = {isa = PBXFileReference; lastKnownFileType = file; path = "Exo-Black.otf"; sourceTree = "<group>"; };
		FE41A8E51B92189600B72C9C /* Exo-BlackItalic.otf */ = {isa = PBXFileReference; lastKnownFileType = file; path = "Exo-BlackItalic.otf"; sourceTree = "<group>"; };
		FE41A8E61B92189600B72C9C /* Exo-Bold.otf */ = {isa = PBXFileReference; lastKnownFileType = file; path = "Exo-Bold.otf"; sourceTree = "<group>"; };
		FE41A8E71B92189600B72C9C /* Exo-BoldItalic.otf */ = {isa = PBXFileReference; lastKnownFileType = file; path = "Exo-BoldItalic.otf"; sourceTree = "<group>"; };
		FE41A8E81B92189600B72C9C /* Exo-ExtraBold.otf */ = {isa = PBXFileReference; lastKnownFileType = file; path = "Exo-ExtraBold.otf"; sourceTree = "<group>"; };
		FE41A8E91B92189600B72C9C /* Exo-ExtraBoldItalic.otf */ = {isa = PBXFileReference; lastKnownFileType = file; path = "Exo-ExtraBoldItalic.otf"; sourceTree = "<group>"; };
		FE41A8EA1B92189600B72C9C /* Exo-ExtraLight.otf */ = {isa = PBXFileReference; lastKnownFileType = file; path = "Exo-ExtraLight.otf"; sourceTree = "<group>"; };
		FE41A8EB1B92189600B72C9C /* Exo-ExtraLightItalic.otf */ = {isa = PBXFileReference; lastKnownFileType = file; path = "Exo-ExtraLightItalic.otf"; sourceTree = "<group>"; };
		FE41A8EC1B92189600B72C9C /* Exo-Italic.otf */ = {isa = PBXFileReference; lastKnownFileType = file; path = "Exo-Italic.otf"; sourceTree = "<group>"; };
		FE41A8ED1B92189600B72C9C /* Exo-Light.otf */ = {isa = PBXFileReference; lastKnownFileType = file; path = "Exo-Light.otf"; sourceTree = "<group>"; };
		FE41A8EE1B92189600B72C9C /* Exo-LightItalic.otf */ = {isa = PBXFileReference; lastKnownFileType = file; path = "Exo-LightItalic.otf"; sourceTree = "<group>"; };
		FE41A8EF1B92189600B72C9C /* Exo-Medium.otf */ = {isa = PBXFileReference; lastKnownFileType = file; path = "Exo-Medium.otf"; sourceTree = "<group>"; };
		FE41A8F01B92189600B72C9C /* Exo-MediumItalic.otf */ = {isa = PBXFileReference; lastKnownFileType = file; path = "Exo-MediumItalic.otf"; sourceTree = "<group>"; };
		FE41A8F11B92189600B72C9C /* Exo-Regular.otf */ = {isa = PBXFileReference; lastKnownFileType = file; path = "Exo-Regular.otf"; sourceTree = "<group>"; };
		FE41A8F21B92189600B72C9C /* Exo-SemiBold.otf */ = {isa = PBXFileReference; lastKnownFileType = file; path = "Exo-SemiBold.otf"; sourceTree = "<group>"; };
		FE41A8F31B92189600B72C9C /* Exo-SemiBoldItalic.otf */ = {isa = PBXFileReference; lastKnownFileType = file; path = "Exo-SemiBoldItalic.otf"; sourceTree = "<group>"; };
		FE41A8F41B92189600B72C9C /* Exo-Thin.otf */ = {isa = PBXFileReference; lastKnownFileType = file; path = "Exo-Thin.otf"; sourceTree = "<group>"; };
		FE41A8F51B92189600B72C9C /* Exo-ThinItalic.otf */ = {isa = PBXFileReference; lastKnownFileType = file; path = "Exo-ThinItalic.otf"; sourceTree = "<group>"; };
		FE41A8F61B92189600B72C9C /* SIL Open Font License.txt */ = {isa = PBXFileReference; fileEncoding = 4; lastKnownFileType = text; path = "SIL Open Font License.txt"; sourceTree = "<group>"; };
		FE41A90C1B9218C800B72C9C /* Exo-Black.otf */ = {isa = PBXFileReference; lastKnownFileType = file; path = "Exo-Black.otf"; sourceTree = "<group>"; };
		FE41A90D1B9218C800B72C9C /* Exo-BlackItalic.otf */ = {isa = PBXFileReference; lastKnownFileType = file; path = "Exo-BlackItalic.otf"; sourceTree = "<group>"; };
		FE41A90E1B9218C800B72C9C /* Exo-Bold.otf */ = {isa = PBXFileReference; lastKnownFileType = file; path = "Exo-Bold.otf"; sourceTree = "<group>"; };
		FE41A90F1B9218C800B72C9C /* Exo-BoldItalic.otf */ = {isa = PBXFileReference; lastKnownFileType = file; path = "Exo-BoldItalic.otf"; sourceTree = "<group>"; };
		FE41A9101B9218C800B72C9C /* Exo-ExtraBold.otf */ = {isa = PBXFileReference; lastKnownFileType = file; path = "Exo-ExtraBold.otf"; sourceTree = "<group>"; };
		FE41A9111B9218C800B72C9C /* Exo-ExtraBoldItalic.otf */ = {isa = PBXFileReference; lastKnownFileType = file; path = "Exo-ExtraBoldItalic.otf"; sourceTree = "<group>"; };
		FE41A9121B9218C800B72C9C /* Exo-ExtraLight.otf */ = {isa = PBXFileReference; lastKnownFileType = file; path = "Exo-ExtraLight.otf"; sourceTree = "<group>"; };
		FE41A9131B9218C800B72C9C /* Exo-ExtraLightItalic.otf */ = {isa = PBXFileReference; lastKnownFileType = file; path = "Exo-ExtraLightItalic.otf"; sourceTree = "<group>"; };
		FE41A9141B9218C800B72C9C /* Exo-Italic.otf */ = {isa = PBXFileReference; lastKnownFileType = file; path = "Exo-Italic.otf"; sourceTree = "<group>"; };
		FE41A9151B9218C800B72C9C /* Exo-Light.otf */ = {isa = PBXFileReference; lastKnownFileType = file; path = "Exo-Light.otf"; sourceTree = "<group>"; };
		FE41A9161B9218C800B72C9C /* Exo-LightItalic.otf */ = {isa = PBXFileReference; lastKnownFileType = file; path = "Exo-LightItalic.otf"; sourceTree = "<group>"; };
		FE41A9171B9218C800B72C9C /* Exo-Medium.otf */ = {isa = PBXFileReference; lastKnownFileType = file; path = "Exo-Medium.otf"; sourceTree = "<group>"; };
		FE41A9181B9218C800B72C9C /* Exo-MediumItalic.otf */ = {isa = PBXFileReference; lastKnownFileType = file; path = "Exo-MediumItalic.otf"; sourceTree = "<group>"; };
		FE41A9191B9218C800B72C9C /* Exo-Regular.otf */ = {isa = PBXFileReference; lastKnownFileType = file; path = "Exo-Regular.otf"; sourceTree = "<group>"; };
		FE41A91A1B9218C800B72C9C /* Exo-SemiBold.otf */ = {isa = PBXFileReference; lastKnownFileType = file; path = "Exo-SemiBold.otf"; sourceTree = "<group>"; };
		FE41A91B1B9218C800B72C9C /* Exo-SemiBoldItalic.otf */ = {isa = PBXFileReference; lastKnownFileType = file; path = "Exo-SemiBoldItalic.otf"; sourceTree = "<group>"; };
		FE41A91C1B9218C800B72C9C /* Exo-Thin.otf */ = {isa = PBXFileReference; lastKnownFileType = file; path = "Exo-Thin.otf"; sourceTree = "<group>"; };
		FE41A91D1B9218C800B72C9C /* Exo-ThinItalic.otf */ = {isa = PBXFileReference; lastKnownFileType = file; path = "Exo-ThinItalic.otf"; sourceTree = "<group>"; };
		FE41A91E1B9218C800B72C9C /* SIL Open Font License.txt */ = {isa = PBXFileReference; fileEncoding = 4; lastKnownFileType = text; path = "SIL Open Font License.txt"; sourceTree = "<group>"; };
		FE62F8D51B936FDC0067305D /* ButtonInterfaceController.swift */ = {isa = PBXFileReference; fileEncoding = 4; lastKnownFileType = sourcecode.swift; path = ButtonInterfaceController.swift; sourceTree = "<group>"; };
		FE62F8DB1B937EBE0067305D /* SwitchInterfaceController.swift */ = {isa = PBXFileReference; fileEncoding = 4; lastKnownFileType = sourcecode.swift; path = SwitchInterfaceController.swift; sourceTree = "<group>"; };
		FE63B8C31B8DD661002C06F7 /* WatchKitUI.app */ = {isa = PBXFileReference; explicitFileType = wrapper.application; includeInIndex = 0; path = WatchKitUI.app; sourceTree = BUILT_PRODUCTS_DIR; };
		FE63B8C71B8DD661002C06F7 /* Info.plist */ = {isa = PBXFileReference; lastKnownFileType = text.plist.xml; path = Info.plist; sourceTree = "<group>"; };
		FE63B8C81B8DD661002C06F7 /* AppDelegate.swift */ = {isa = PBXFileReference; lastKnownFileType = sourcecode.swift; path = AppDelegate.swift; sourceTree = "<group>"; };
		FE63B8CA1B8DD661002C06F7 /* ViewController.swift */ = {isa = PBXFileReference; lastKnownFileType = sourcecode.swift; path = ViewController.swift; sourceTree = "<group>"; };
		FE63B8CD1B8DD661002C06F7 /* Base */ = {isa = PBXFileReference; lastKnownFileType = file.storyboard; name = Base; path = Base.lproj/Main.storyboard; sourceTree = "<group>"; };
		FE63B8CF1B8DD661002C06F7 /* Images.xcassets */ = {isa = PBXFileReference; lastKnownFileType = folder.assetcatalog; path = Images.xcassets; sourceTree = "<group>"; };
		FE63B8D21B8DD661002C06F7 /* Base */ = {isa = PBXFileReference; lastKnownFileType = file.xib; name = Base; path = Base.lproj/LaunchScreen.xib; sourceTree = "<group>"; };
		FE63B8D81B8DD661002C06F7 /* WatchKitUITests.xctest */ = {isa = PBXFileReference; explicitFileType = wrapper.cfbundle; includeInIndex = 0; path = WatchKitUITests.xctest; sourceTree = BUILT_PRODUCTS_DIR; };
		FE63B8DD1B8DD661002C06F7 /* Info.plist */ = {isa = PBXFileReference; lastKnownFileType = text.plist.xml; path = Info.plist; sourceTree = "<group>"; };
		FE63B8DE1B8DD661002C06F7 /* WatchKitUITests.swift */ = {isa = PBXFileReference; lastKnownFileType = sourcecode.swift; path = WatchKitUITests.swift; sourceTree = "<group>"; };
		FE63B8EC1B8DD728002C06F7 /* WatchKitUI WatchKit Extension.appex */ = {isa = PBXFileReference; explicitFileType = "wrapper.app-extension"; includeInIndex = 0; path = "WatchKitUI WatchKit Extension.appex"; sourceTree = BUILT_PRODUCTS_DIR; };
		FE63B8EF1B8DD728002C06F7 /* Info.plist */ = {isa = PBXFileReference; lastKnownFileType = text.plist.xml; path = Info.plist; sourceTree = "<group>"; };
		FE63B8F21B8DD728002C06F7 /* Images.xcassets */ = {isa = PBXFileReference; lastKnownFileType = folder.assetcatalog; path = Images.xcassets; sourceTree = "<group>"; };
		FE63B8F61B8DD728002C06F7 /* WatchKitUI WatchKit App.app */ = {isa = PBXFileReference; explicitFileType = wrapper.application; includeInIndex = 0; path = "WatchKitUI WatchKit App.app"; sourceTree = BUILT_PRODUCTS_DIR; };
		FE63B8FC1B8DD728002C06F7 /* Info.plist */ = {isa = PBXFileReference; lastKnownFileType = text.plist.xml; path = Info.plist; sourceTree = "<group>"; };
		FE63B8FE1B8DD728002C06F7 /* Base */ = {isa = PBXFileReference; lastKnownFileType = file.storyboard; name = Base; path = Base.lproj/Interface.storyboard; sourceTree = "<group>"; };
		FE63B9001B8DD728002C06F7 /* Images.xcassets */ = {isa = PBXFileReference; lastKnownFileType = folder.assetcatalog; path = Images.xcassets; sourceTree = "<group>"; };
/* End PBXFileReference section */

/* Begin PBXFrameworksBuildPhase section */
		FE63B8C01B8DD661002C06F7 /* Frameworks */ = {
			isa = PBXFrameworksBuildPhase;
			buildActionMask = 2147483647;
			files = (
			);
			runOnlyForDeploymentPostprocessing = 0;
		};
		FE63B8D51B8DD661002C06F7 /* Frameworks */ = {
			isa = PBXFrameworksBuildPhase;
			buildActionMask = 2147483647;
			files = (
			);
			runOnlyForDeploymentPostprocessing = 0;
		};
		FE63B8E91B8DD728002C06F7 /* Frameworks */ = {
			isa = PBXFrameworksBuildPhase;
			buildActionMask = 2147483647;
			files = (
			);
			runOnlyForDeploymentPostprocessing = 0;
		};
/* End PBXFrameworksBuildPhase section */

/* Begin PBXGroup section */
		FE41A8E31B92189600B72C9C /* exo */ = {
			isa = PBXGroup;
			children = (
				FE41A8E41B92189600B72C9C /* Exo-Black.otf */,
				FE41A8E51B92189600B72C9C /* Exo-BlackItalic.otf */,
				FE41A8E61B92189600B72C9C /* Exo-Bold.otf */,
				FE41A8E71B92189600B72C9C /* Exo-BoldItalic.otf */,
				FE41A8E81B92189600B72C9C /* Exo-ExtraBold.otf */,
				FE41A8E91B92189600B72C9C /* Exo-ExtraBoldItalic.otf */,
				FE41A8EA1B92189600B72C9C /* Exo-ExtraLight.otf */,
				FE41A8EB1B92189600B72C9C /* Exo-ExtraLightItalic.otf */,
				FE41A8EC1B92189600B72C9C /* Exo-Italic.otf */,
				FE41A8ED1B92189600B72C9C /* Exo-Light.otf */,
				FE41A8EE1B92189600B72C9C /* Exo-LightItalic.otf */,
				FE41A8EF1B92189600B72C9C /* Exo-Medium.otf */,
				FE41A8F01B92189600B72C9C /* Exo-MediumItalic.otf */,
				FE41A8F11B92189600B72C9C /* Exo-Regular.otf */,
				FE41A8F21B92189600B72C9C /* Exo-SemiBold.otf */,
				FE41A8F31B92189600B72C9C /* Exo-SemiBoldItalic.otf */,
				FE41A8F41B92189600B72C9C /* Exo-Thin.otf */,
				FE41A8F51B92189600B72C9C /* Exo-ThinItalic.otf */,
				FE41A8F61B92189600B72C9C /* SIL Open Font License.txt */,
			);
			path = exo;
			sourceTree = "<group>";
		};
		FE41A90A1B9218A200B72C9C /* Resources */ = {
			isa = PBXGroup;
			children = (
				FE41A8E31B92189600B72C9C /* exo */,
			);
			name = Resources;
			sourceTree = "<group>";
		};
		FE41A90B1B9218C800B72C9C /* exo */ = {
			isa = PBXGroup;
			children = (
				FE41A90C1B9218C800B72C9C /* Exo-Black.otf */,
				FE41A90D1B9218C800B72C9C /* Exo-BlackItalic.otf */,
				FE41A90E1B9218C800B72C9C /* Exo-Bold.otf */,
				FE41A90F1B9218C800B72C9C /* Exo-BoldItalic.otf */,
				FE41A9101B9218C800B72C9C /* Exo-ExtraBold.otf */,
				FE41A9111B9218C800B72C9C /* Exo-ExtraBoldItalic.otf */,
				FE41A9121B9218C800B72C9C /* Exo-ExtraLight.otf */,
				FE41A9131B9218C800B72C9C /* Exo-ExtraLightItalic.otf */,
				FE41A9141B9218C800B72C9C /* Exo-Italic.otf */,
				FE41A9151B9218C800B72C9C /* Exo-Light.otf */,
				FE41A9161B9218C800B72C9C /* Exo-LightItalic.otf */,
				FE41A9171B9218C800B72C9C /* Exo-Medium.otf */,
				FE41A9181B9218C800B72C9C /* Exo-MediumItalic.otf */,
				FE41A9191B9218C800B72C9C /* Exo-Regular.otf */,
				FE41A91A1B9218C800B72C9C /* Exo-SemiBold.otf */,
				FE41A91B1B9218C800B72C9C /* Exo-SemiBoldItalic.otf */,
				FE41A91C1B9218C800B72C9C /* Exo-Thin.otf */,
				FE41A91D1B9218C800B72C9C /* Exo-ThinItalic.otf */,
				FE41A91E1B9218C800B72C9C /* SIL Open Font License.txt */,
			);
			path = exo;
			sourceTree = "<group>";
		};
		FE41A9321B9218F100B72C9C /* Resources */ = {
			isa = PBXGroup;
			children = (
				FE41A90B1B9218C800B72C9C /* exo */,
			);
			name = Resources;
			sourceTree = "<group>";
		};
		FE63B8BA1B8DD661002C06F7 = {
			isa = PBXGroup;
			children = (
				FE63B8C51B8DD661002C06F7 /* WatchKitUI */,
				FE63B8DB1B8DD661002C06F7 /* WatchKitUITests */,
				FE63B8ED1B8DD728002C06F7 /* WatchKitUI WatchKit Extension */,
				FE63B8FA1B8DD728002C06F7 /* WatchKitUI WatchKit App */,
				FE63B8C41B8DD661002C06F7 /* Products */,
			);
			sourceTree = "<group>";
		};
		FE63B8C41B8DD661002C06F7 /* Products */ = {
			isa = PBXGroup;
			children = (
				FE63B8C31B8DD661002C06F7 /* WatchKitUI.app */,
				FE63B8D81B8DD661002C06F7 /* WatchKitUITests.xctest */,
				FE63B8EC1B8DD728002C06F7 /* WatchKitUI WatchKit Extension.appex */,
				FE63B8F61B8DD728002C06F7 /* WatchKitUI WatchKit App.app */,
			);
			name = Products;
			sourceTree = "<group>";
		};
		FE63B8C51B8DD661002C06F7 /* WatchKitUI */ = {
			isa = PBXGroup;
			children = (
				FE63B8C81B8DD661002C06F7 /* AppDelegate.swift */,
				FE63B8CA1B8DD661002C06F7 /* ViewController.swift */,
				FE63B8CC1B8DD661002C06F7 /* Main.storyboard */,
				FE63B8CF1B8DD661002C06F7 /* Images.xcassets */,
				FE63B8D11B8DD661002C06F7 /* LaunchScreen.xib */,
				FE63B8C61B8DD661002C06F7 /* Supporting Files */,
			);
			path = WatchKitUI;
			sourceTree = "<group>";
		};
		FE63B8C61B8DD661002C06F7 /* Supporting Files */ = {
			isa = PBXGroup;
			children = (
				FE63B8C71B8DD661002C06F7 /* Info.plist */,
			);
			name = "Supporting Files";
			sourceTree = "<group>";
		};
		FE63B8DB1B8DD661002C06F7 /* WatchKitUITests */ = {
			isa = PBXGroup;
			children = (
				FE63B8DE1B8DD661002C06F7 /* WatchKitUITests.swift */,
				FE63B8DC1B8DD661002C06F7 /* Supporting Files */,
			);
			path = WatchKitUITests;
			sourceTree = "<group>";
		};
		FE63B8DC1B8DD661002C06F7 /* Supporting Files */ = {
			isa = PBXGroup;
			children = (
				FE63B8DD1B8DD661002C06F7 /* Info.plist */,
			);
			name = "Supporting Files";
			sourceTree = "<group>";
		};
		FE63B8ED1B8DD728002C06F7 /* WatchKitUI WatchKit Extension */ = {
			isa = PBXGroup;
			children = (
				FE63B8F21B8DD728002C06F7 /* Images.xcassets */,
				FE41A90A1B9218A200B72C9C /* Resources */,
				FE63B8EE1B8DD728002C06F7 /* Supporting Files */,
				FE41A8E11B920E8E00B72C9C /* LabelInterfaceController.swift */,
				FE62F8D51B936FDC0067305D /* ButtonInterfaceController.swift */,
				FE62F8DB1B937EBE0067305D /* SwitchInterfaceController.swift */,
			);
			path = "WatchKitUI WatchKit Extension";
			sourceTree = "<group>";
		};
		FE63B8EE1B8DD728002C06F7 /* Supporting Files */ = {
			isa = PBXGroup;
			children = (
				FE41A8E01B920E8D00B72C9C /* WatchKitUI WatchKit Extension-Bridging-Header.h */,
				FE63B8EF1B8DD728002C06F7 /* Info.plist */,
			);
			name = "Supporting Files";
			sourceTree = "<group>";
		};
		FE63B8FA1B8DD728002C06F7 /* WatchKitUI WatchKit App */ = {
			isa = PBXGroup;
			children = (
				FE63B8FD1B8DD728002C06F7 /* Interface.storyboard */,
				FE41A9321B9218F100B72C9C /* Resources */,
				FE63B9001B8DD728002C06F7 /* Images.xcassets */,
				FE63B8FB1B8DD728002C06F7 /* Supporting Files */,
			);
			path = "WatchKitUI WatchKit App";
			sourceTree = "<group>";
		};
		FE63B8FB1B8DD728002C06F7 /* Supporting Files */ = {
			isa = PBXGroup;
			children = (
				FE63B8FC1B8DD728002C06F7 /* Info.plist */,
			);
			name = "Supporting Files";
			sourceTree = "<group>";
		};
/* End PBXGroup section */

/* Begin PBXNativeTarget section */
		FE63B8C21B8DD661002C06F7 /* WatchKitUI */ = {
			isa = PBXNativeTarget;
			buildConfigurationList = FE63B8E21B8DD661002C06F7 /* Build configuration list for PBXNativeTarget "WatchKitUI" */;
			buildPhases = (
				FE63B8BF1B8DD661002C06F7 /* Sources */,
				FE63B8C01B8DD661002C06F7 /* Frameworks */,
				FE63B8C11B8DD661002C06F7 /* Resources */,
				FE63B90B1B8DD728002C06F7 /* Embed App Extensions */,
			);
			buildRules = (
			);
			dependencies = (
				FE63B9031B8DD728002C06F7 /* PBXTargetDependency */,
			);
			name = WatchKitUI;
			productName = WatchKitUI;
			productReference = FE63B8C31B8DD661002C06F7 /* WatchKitUI.app */;
			productType = "com.apple.product-type.application";
		};
		FE63B8D71B8DD661002C06F7 /* WatchKitUITests */ = {
			isa = PBXNativeTarget;
			buildConfigurationList = FE63B8E51B8DD661002C06F7 /* Build configuration list for PBXNativeTarget "WatchKitUITests" */;
			buildPhases = (
				FE63B8D41B8DD661002C06F7 /* Sources */,
				FE63B8D51B8DD661002C06F7 /* Frameworks */,
				FE63B8D61B8DD661002C06F7 /* Resources */,
			);
			buildRules = (
			);
			dependencies = (
				FE63B8DA1B8DD661002C06F7 /* PBXTargetDependency */,
			);
			name = WatchKitUITests;
			productName = WatchKitUITests;
			productReference = FE63B8D81B8DD661002C06F7 /* WatchKitUITests.xctest */;
			productType = "com.apple.product-type.bundle.unit-test";
		};
		FE63B8EB1B8DD728002C06F7 /* WatchKitUI WatchKit Extension */ = {
			isa = PBXNativeTarget;
			buildConfigurationList = FE63B9081B8DD728002C06F7 /* Build configuration list for PBXNativeTarget "WatchKitUI WatchKit Extension" */;
			buildPhases = (
				FE63B8E81B8DD728002C06F7 /* Sources */,
				FE63B8E91B8DD728002C06F7 /* Frameworks */,
				FE63B8EA1B8DD728002C06F7 /* Resources */,
			);
			buildRules = (
			);
			dependencies = (
				FE63B8F91B8DD728002C06F7 /* PBXTargetDependency */,
			);
			name = "WatchKitUI WatchKit Extension";
			productName = "WatchKitUI WatchKit Extension";
			productReference = FE63B8EC1B8DD728002C06F7 /* WatchKitUI WatchKit Extension.appex */;
			productType = "com.apple.product-type.watchkit-extension";
		};
		FE63B8F51B8DD728002C06F7 /* WatchKitUI WatchKit App */ = {
			isa = PBXNativeTarget;
			buildConfigurationList = FE63B9051B8DD728002C06F7 /* Build configuration list for PBXNativeTarget "WatchKitUI WatchKit App" */;
			buildPhases = (
				FE63B8F41B8DD728002C06F7 /* Resources */,
			);
			buildRules = (
			);
			dependencies = (
			);
			name = "WatchKitUI WatchKit App";
			productName = "WatchKitUI WatchKit App";
			productReference = FE63B8F61B8DD728002C06F7 /* WatchKitUI WatchKit App.app */;
			productType = "com.apple.product-type.application.watchapp";
		};
/* End PBXNativeTarget section */

/* Begin PBXProject section */
		FE63B8BB1B8DD661002C06F7 /* Project object */ = {
			isa = PBXProject;
			attributes = {
				LastUpgradeCheck = 0640;
				ORGANIZATIONNAME = "Brett Wallace";
				TargetAttributes = {
					FE63B8C21B8DD661002C06F7 = {
						CreatedOnToolsVersion = 6.4;
					};
					FE63B8D71B8DD661002C06F7 = {
						CreatedOnToolsVersion = 6.4;
						TestTargetID = FE63B8C21B8DD661002C06F7;
					};
					FE63B8EB1B8DD728002C06F7 = {
						CreatedOnToolsVersion = 6.4;
					};
					FE63B8F51B8DD728002C06F7 = {
						CreatedOnToolsVersion = 6.4;
					};
				};
			};
			buildConfigurationList = FE63B8BE1B8DD661002C06F7 /* Build configuration list for PBXProject "WatchKitUI" */;
			compatibilityVersion = "Xcode 3.2";
			developmentRegion = English;
			hasScannedForEncodings = 0;
			knownRegions = (
				en,
				Base,
			);
			mainGroup = FE63B8BA1B8DD661002C06F7;
			productRefGroup = FE63B8C41B8DD661002C06F7 /* Products */;
			projectDirPath = "";
			projectRoot = "";
			targets = (
				FE63B8C21B8DD661002C06F7 /* WatchKitUI */,
				FE63B8D71B8DD661002C06F7 /* WatchKitUITests */,
				FE63B8EB1B8DD728002C06F7 /* WatchKitUI WatchKit Extension */,
				FE63B8F51B8DD728002C06F7 /* WatchKitUI WatchKit App */,
			);
		};
/* End PBXProject section */

/* Begin PBXResourcesBuildPhase section */
		FE63B8C11B8DD661002C06F7 /* Resources */ = {
			isa = PBXResourcesBuildPhase;
			buildActionMask = 2147483647;
			files = (
				FE63B8CE1B8DD661002C06F7 /* Main.storyboard in Resources */,
				FE63B8D31B8DD661002C06F7 /* LaunchScreen.xib in Resources */,
				FE63B8D01B8DD661002C06F7 /* Images.xcassets in Resources */,
			);
			runOnlyForDeploymentPostprocessing = 0;
		};
		FE63B8D61B8DD661002C06F7 /* Resources */ = {
			isa = PBXResourcesBuildPhase;
			buildActionMask = 2147483647;
			files = (
			);
			runOnlyForDeploymentPostprocessing = 0;
		};
		FE63B8EA1B8DD728002C06F7 /* Resources */ = {
			isa = PBXResourcesBuildPhase;
			buildActionMask = 2147483647;
			files = (
				FE41A9091B92189600B72C9C /* SIL Open Font License.txt in Resources */,
				FE41A9011B92189600B72C9C /* Exo-LightItalic.otf in Resources */,
				FE41A9051B92189600B72C9C /* Exo-SemiBold.otf in Resources */,
				FE41A9041B92189600B72C9C /* Exo-Regular.otf in Resources */,
				FE41A8FE1B92189600B72C9C /* Exo-ExtraLightItalic.otf in Resources */,
				FE63B8F31B8DD728002C06F7 /* Images.xcassets in Resources */,
				FE41A8FA1B92189600B72C9C /* Exo-BoldItalic.otf in Resources */,
				FE41A8FC1B92189600B72C9C /* Exo-ExtraBoldItalic.otf in Resources */,
				FE41A8FF1B92189600B72C9C /* Exo-Italic.otf in Resources */,
				FE41A9031B92189600B72C9C /* Exo-MediumItalic.otf in Resources */,
				FE41A9001B92189600B72C9C /* Exo-Light.otf in Resources */,
				FE41A8F71B92189600B72C9C /* Exo-Black.otf in Resources */,
				FE41A8F91B92189600B72C9C /* Exo-Bold.otf in Resources */,
				FE41A8FB1B92189600B72C9C /* Exo-ExtraBold.otf in Resources */,
				FE41A9071B92189600B72C9C /* Exo-Thin.otf in Resources */,
				FE41A8F81B92189600B72C9C /* Exo-BlackItalic.otf in Resources */,
				FE41A9081B92189600B72C9C /* Exo-ThinItalic.otf in Resources */,
				FE41A9021B92189600B72C9C /* Exo-Medium.otf in Resources */,
				FE41A9061B92189600B72C9C /* Exo-SemiBoldItalic.otf in Resources */,
				FE41A8FD1B92189600B72C9C /* Exo-ExtraLight.otf in Resources */,
				FE63B8F71B8DD728002C06F7 /* WatchKitUI WatchKit App.app in Resources */,
			);
			runOnlyForDeploymentPostprocessing = 0;
		};
		FE63B8F41B8DD728002C06F7 /* Resources */ = {
			isa = PBXResourcesBuildPhase;
			buildActionMask = 2147483647;
			files = (
				FE41A9311B9218C800B72C9C /* SIL Open Font License.txt in Resources */,
				FE41A9291B9218C800B72C9C /* Exo-LightItalic.otf in Resources */,
				FE41A92D1B9218C800B72C9C /* Exo-SemiBold.otf in Resources */,
				FE41A92C1B9218C800B72C9C /* Exo-Regular.otf in Resources */,
				FE41A9261B9218C800B72C9C /* Exo-ExtraLightItalic.otf in Resources */,
				FE63B8FF1B8DD728002C06F7 /* Interface.storyboard in Resources */,
				FE41A9221B9218C800B72C9C /* Exo-BoldItalic.otf in Resources */,
				FE41A9241B9218C800B72C9C /* Exo-ExtraBoldItalic.otf in Resources */,
				FE41A9271B9218C800B72C9C /* Exo-Italic.otf in Resources */,
				FE41A92B1B9218C800B72C9C /* Exo-MediumItalic.otf in Resources */,
				FE41A9281B9218C800B72C9C /* Exo-Light.otf in Resources */,
				FE41A91F1B9218C800B72C9C /* Exo-Black.otf in Resources */,
				FE41A9211B9218C800B72C9C /* Exo-Bold.otf in Resources */,
				FE41A9231B9218C800B72C9C /* Exo-ExtraBold.otf in Resources */,
				FE41A92F1B9218C800B72C9C /* Exo-Thin.otf in Resources */,
				FE41A9201B9218C800B72C9C /* Exo-BlackItalic.otf in Resources */,
				FE41A9301B9218C800B72C9C /* Exo-ThinItalic.otf in Resources */,
				FE41A92A1B9218C800B72C9C /* Exo-Medium.otf in Resources */,
				FE41A92E1B9218C800B72C9C /* Exo-SemiBoldItalic.otf in Resources */,
				FE41A9251B9218C800B72C9C /* Exo-ExtraLight.otf in Resources */,
				FE63B9011B8DD728002C06F7 /* Images.xcassets in Resources */,
			);
			runOnlyForDeploymentPostprocessing = 0;
		};
/* End PBXResourcesBuildPhase section */

/* Begin PBXSourcesBuildPhase section */
		FE63B8BF1B8DD661002C06F7 /* Sources */ = {
			isa = PBXSourcesBuildPhase;
			buildActionMask = 2147483647;
			files = (
				FE63B8CB1B8DD661002C06F7 /* ViewController.swift in Sources */,
				FE63B8C91B8DD661002C06F7 /* AppDelegate.swift in Sources */,
			);
			runOnlyForDeploymentPostprocessing = 0;
		};
		FE63B8D41B8DD661002C06F7 /* Sources */ = {
			isa = PBXSourcesBuildPhase;
			buildActionMask = 2147483647;
			files = (
				FE63B8DF1B8DD661002C06F7 /* WatchKitUITests.swift in Sources */,
			);
			runOnlyForDeploymentPostprocessing = 0;
		};
		FE63B8E81B8DD728002C06F7 /* Sources */ = {
			isa = PBXSourcesBuildPhase;
			buildActionMask = 2147483647;
			files = (
				FE41A8E21B920E8E00B72C9C /* LabelInterfaceController.swift in Sources */,
				FE62F8DC1B937EBE0067305D /* SwitchInterfaceController.swift in Sources */,
				FE62F8D61B936FDC0067305D /* ButtonInterfaceController.swift in Sources */,
			);
			runOnlyForDeploymentPostprocessing = 0;
		};
/* End PBXSourcesBuildPhase section */

/* Begin PBXTargetDependency section */
		FE63B8DA1B8DD661002C06F7 /* PBXTargetDependency */ = {
			isa = PBXTargetDependency;
			target = FE63B8C21B8DD661002C06F7 /* WatchKitUI */;
			targetProxy = FE63B8D91B8DD661002C06F7 /* PBXContainerItemProxy */;
		};
		FE63B8F91B8DD728002C06F7 /* PBXTargetDependency */ = {
			isa = PBXTargetDependency;
			target = FE63B8F51B8DD728002C06F7 /* WatchKitUI WatchKit App */;
			targetProxy = FE63B8F81B8DD728002C06F7 /* PBXContainerItemProxy */;
		};
		FE63B9031B8DD728002C06F7 /* PBXTargetDependency */ = {
			isa = PBXTargetDependency;
			target = FE63B8EB1B8DD728002C06F7 /* WatchKitUI WatchKit Extension */;
			targetProxy = FE63B9021B8DD728002C06F7 /* PBXContainerItemProxy */;
		};
/* End PBXTargetDependency section */

/* Begin PBXVariantGroup section */
		FE63B8CC1B8DD661002C06F7 /* Main.storyboard */ = {
			isa = PBXVariantGroup;
			children = (
				FE63B8CD1B8DD661002C06F7 /* Base */,
			);
			name = Main.storyboard;
			sourceTree = "<group>";
		};
		FE63B8D11B8DD661002C06F7 /* LaunchScreen.xib */ = {
			isa = PBXVariantGroup;
			children = (
				FE63B8D21B8DD661002C06F7 /* Base */,
			);
			name = LaunchScreen.xib;
			sourceTree = "<group>";
		};
		FE63B8FD1B8DD728002C06F7 /* Interface.storyboard */ = {
			isa = PBXVariantGroup;
			children = (
				FE63B8FE1B8DD728002C06F7 /* Base */,
			);
			name = Interface.storyboard;
			sourceTree = "<group>";
		};
/* End PBXVariantGroup section */

/* Begin XCBuildConfiguration section */
		FE63B8E01B8DD661002C06F7 /* Debug */ = {
			isa = XCBuildConfiguration;
			buildSettings = {
				ALWAYS_SEARCH_USER_PATHS = NO;
				CLANG_CXX_LANGUAGE_STANDARD = "gnu++0x";
				CLANG_CXX_LIBRARY = "libc++";
				CLANG_ENABLE_MODULES = YES;
				CLANG_ENABLE_OBJC_ARC = YES;
				CLANG_WARN_BOOL_CONVERSION = YES;
				CLANG_WARN_CONSTANT_CONVERSION = YES;
				CLANG_WARN_DIRECT_OBJC_ISA_USAGE = YES_ERROR;
				CLANG_WARN_EMPTY_BODY = YES;
				CLANG_WARN_ENUM_CONVERSION = YES;
				CLANG_WARN_INT_CONVERSION = YES;
				CLANG_WARN_OBJC_ROOT_CLASS = YES_ERROR;
				CLANG_WARN_UNREACHABLE_CODE = YES;
				CLANG_WARN__DUPLICATE_METHOD_MATCH = YES;
				"CODE_SIGN_IDENTITY[sdk=iphoneos*]" = "iPhone Developer";
				COPY_PHASE_STRIP = NO;
				DEBUG_INFORMATION_FORMAT = "dwarf-with-dsym";
				ENABLE_STRICT_OBJC_MSGSEND = YES;
				GCC_C_LANGUAGE_STANDARD = gnu99;
				GCC_DYNAMIC_NO_PIC = NO;
				GCC_NO_COMMON_BLOCKS = YES;
				GCC_OPTIMIZATION_LEVEL = 0;
				GCC_PREPROCESSOR_DEFINITIONS = (
					"DEBUG=1",
					"$(inherited)",
				);
				GCC_SYMBOLS_PRIVATE_EXTERN = NO;
				GCC_WARN_64_TO_32_BIT_CONVERSION = YES;
				GCC_WARN_ABOUT_RETURN_TYPE = YES_ERROR;
				GCC_WARN_UNDECLARED_SELECTOR = YES;
				GCC_WARN_UNINITIALIZED_AUTOS = YES_AGGRESSIVE;
				GCC_WARN_UNUSED_FUNCTION = YES;
				GCC_WARN_UNUSED_VARIABLE = YES;
				IPHONEOS_DEPLOYMENT_TARGET = 8.4;
				MTL_ENABLE_DEBUG_INFO = YES;
				ONLY_ACTIVE_ARCH = YES;
				SDKROOT = iphoneos;
				SWIFT_OPTIMIZATION_LEVEL = "-Onone";
				TARGETED_DEVICE_FAMILY = "1,2";
			};
			name = Debug;
		};
		FE63B8E11B8DD661002C06F7 /* Release */ = {
			isa = XCBuildConfiguration;
			buildSettings = {
				ALWAYS_SEARCH_USER_PATHS = NO;
				CLANG_CXX_LANGUAGE_STANDARD = "gnu++0x";
				CLANG_CXX_LIBRARY = "libc++";
				CLANG_ENABLE_MODULES = YES;
				CLANG_ENABLE_OBJC_ARC = YES;
				CLANG_WARN_BOOL_CONVERSION = YES;
				CLANG_WARN_CONSTANT_CONVERSION = YES;
				CLANG_WARN_DIRECT_OBJC_ISA_USAGE = YES_ERROR;
				CLANG_WARN_EMPTY_BODY = YES;
				CLANG_WARN_ENUM_CONVERSION = YES;
				CLANG_WARN_INT_CONVERSION = YES;
				CLANG_WARN_OBJC_ROOT_CLASS = YES_ERROR;
				CLANG_WARN_UNREACHABLE_CODE = YES;
				CLANG_WARN__DUPLICATE_METHOD_MATCH = YES;
				"CODE_SIGN_IDENTITY[sdk=iphoneos*]" = "iPhone Developer";
				COPY_PHASE_STRIP = NO;
				DEBUG_INFORMATION_FORMAT = "dwarf-with-dsym";
				ENABLE_NS_ASSERTIONS = NO;
				ENABLE_STRICT_OBJC_MSGSEND = YES;
				GCC_C_LANGUAGE_STANDARD = gnu99;
				GCC_NO_COMMON_BLOCKS = YES;
				GCC_WARN_64_TO_32_BIT_CONVERSION = YES;
				GCC_WARN_ABOUT_RETURN_TYPE = YES_ERROR;
				GCC_WARN_UNDECLARED_SELECTOR = YES;
				GCC_WARN_UNINITIALIZED_AUTOS = YES_AGGRESSIVE;
				GCC_WARN_UNUSED_FUNCTION = YES;
				GCC_WARN_UNUSED_VARIABLE = YES;
				IPHONEOS_DEPLOYMENT_TARGET = 8.4;
				MTL_ENABLE_DEBUG_INFO = NO;
				SDKROOT = iphoneos;
				TARGETED_DEVICE_FAMILY = "1,2";
				VALIDATE_PRODUCT = YES;
			};
			name = Release;
		};
		FE63B8E31B8DD661002C06F7 /* Debug */ = {
			isa = XCBuildConfiguration;
			buildSettings = {
				ASSETCATALOG_COMPILER_APPICON_NAME = AppIcon;
				INFOPLIST_FILE = WatchKitUI/Info.plist;
				LD_RUNPATH_SEARCH_PATHS = "$(inherited) @executable_path/Frameworks";
				PRODUCT_NAME = "$(TARGET_NAME)";
			};
			name = Debug;
		};
		FE63B8E41B8DD661002C06F7 /* Release */ = {
			isa = XCBuildConfiguration;
			buildSettings = {
				ASSETCATALOG_COMPILER_APPICON_NAME = AppIcon;
				INFOPLIST_FILE = WatchKitUI/Info.plist;
				LD_RUNPATH_SEARCH_PATHS = "$(inherited) @executable_path/Frameworks";
				PRODUCT_NAME = "$(TARGET_NAME)";
			};
			name = Release;
		};
		FE63B8E61B8DD661002C06F7 /* Debug */ = {
			isa = XCBuildConfiguration;
			buildSettings = {
				BUNDLE_LOADER = "$(TEST_HOST)";
				FRAMEWORK_SEARCH_PATHS = (
					"$(SDKROOT)/Developer/Library/Frameworks",
					"$(inherited)",
				);
				GCC_PREPROCESSOR_DEFINITIONS = (
					"DEBUG=1",
					"$(inherited)",
				);
				INFOPLIST_FILE = WatchKitUITests/Info.plist;
				LD_RUNPATH_SEARCH_PATHS = "$(inherited) @executable_path/Frameworks @loader_path/Frameworks";
				PRODUCT_NAME = "$(TARGET_NAME)";
				TEST_HOST = "$(BUILT_PRODUCTS_DIR)/WatchKitUI.app/WatchKitUI";
			};
			name = Debug;
		};
		FE63B8E71B8DD661002C06F7 /* Release */ = {
			isa = XCBuildConfiguration;
			buildSettings = {
				BUNDLE_LOADER = "$(TEST_HOST)";
				FRAMEWORK_SEARCH_PATHS = (
					"$(SDKROOT)/Developer/Library/Frameworks",
					"$(inherited)",
				);
				INFOPLIST_FILE = WatchKitUITests/Info.plist;
				LD_RUNPATH_SEARCH_PATHS = "$(inherited) @executable_path/Frameworks @loader_path/Frameworks";
				PRODUCT_NAME = "$(TARGET_NAME)";
				TEST_HOST = "$(BUILT_PRODUCTS_DIR)/WatchKitUI.app/WatchKitUI";
			};
			name = Release;
		};
		FE63B9061B8DD728002C06F7 /* Debug */ = {
			isa = XCBuildConfiguration;
			buildSettings = {
				ASSETCATALOG_COMPILER_APPICON_NAME = AppIcon;
				GCC_PREPROCESSOR_DEFINITIONS = (
					"DEBUG=1",
					"$(inherited)",
				);
				IBSC_MODULE = WatchKitUI_WatchKit_Extension;
				INFOPLIST_FILE = "WatchKitUI WatchKit App/Info.plist";
				IPHONEOS_DEPLOYMENT_TARGET = 8.2;
				PRODUCT_NAME = "$(TARGET_NAME)";
				SKIP_INSTALL = YES;
				TARGETED_DEVICE_FAMILY = 4;
				"TARGETED_DEVICE_FAMILY[sdk=iphonesimulator*]" = "1,4";
			};
			name = Debug;
		};
		FE63B9071B8DD728002C06F7 /* Release */ = {
			isa = XCBuildConfiguration;
			buildSettings = {
				ASSETCATALOG_COMPILER_APPICON_NAME = AppIcon;
				IBSC_MODULE = WatchKitUI_WatchKit_Extension;
				INFOPLIST_FILE = "WatchKitUI WatchKit App/Info.plist";
				IPHONEOS_DEPLOYMENT_TARGET = 8.2;
				PRODUCT_NAME = "$(TARGET_NAME)";
				SKIP_INSTALL = YES;
				TARGETED_DEVICE_FAMILY = 4;
				"TARGETED_DEVICE_FAMILY[sdk=iphonesimulator*]" = "1,4";
			};
			name = Release;
		};
		FE63B9091B8DD728002C06F7 /* Debug */ = {
			isa = XCBuildConfiguration;
			buildSettings = {
				CLANG_ENABLE_MODULES = YES;
				GCC_PREPROCESSOR_DEFINITIONS = (
					"DEBUG=1",
					"$(inherited)",
				);
				INFOPLIST_FILE = "WatchKitUI WatchKit Extension/Info.plist";
				LD_RUNPATH_SEARCH_PATHS = "$(inherited) @executable_path/Frameworks @executable_path/../../Frameworks";
				PRODUCT_NAME = "${TARGET_NAME}";
				SKIP_INSTALL = YES;
				SWIFT_OBJC_BRIDGING_HEADER = "WatchKitUI WatchKit Extension/WatchKitUI WatchKit Extension-Bridging-Header.h";
				SWIFT_OPTIMIZATION_LEVEL = "-Onone";
			};
			name = Debug;
		};
		FE63B90A1B8DD728002C06F7 /* Release */ = {
			isa = XCBuildConfiguration;
			buildSettings = {
				CLANG_ENABLE_MODULES = YES;
				INFOPLIST_FILE = "WatchKitUI WatchKit Extension/Info.plist";
				LD_RUNPATH_SEARCH_PATHS = "$(inherited) @executable_path/Frameworks @executable_path/../../Frameworks";
				PRODUCT_NAME = "${TARGET_NAME}";
				SKIP_INSTALL = YES;
				SWIFT_OBJC_BRIDGING_HEADER = "WatchKitUI WatchKit Extension/WatchKitUI WatchKit Extension-Bridging-Header.h";
			};
			name = Release;
		};
/* End XCBuildConfiguration section */

/* Begin XCConfigurationList section */
		FE63B8BE1B8DD661002C06F7 /* Build configuration list for PBXProject "WatchKitUI" */ = {
			isa = XCConfigurationList;
			buildConfigurations = (
				FE63B8E01B8DD661002C06F7 /* Debug */,
				FE63B8E11B8DD661002C06F7 /* Release */,
			);
			defaultConfigurationIsVisible = 0;
			defaultConfigurationName = Release;
		};
		FE63B8E21B8DD661002C06F7 /* Build configuration list for PBXNativeTarget "WatchKitUI" */ = {
			isa = XCConfigurationList;
			buildConfigurations = (
				FE63B8E31B8DD661002C06F7 /* Debug */,
				FE63B8E41B8DD661002C06F7 /* Release */,
			);
			defaultConfigurationIsVisible = 0;
			defaultConfigurationName = Release;
		};
		FE63B8E51B8DD661002C06F7 /* Build configuration list for PBXNativeTarget "WatchKitUITests" */ = {
			isa = XCConfigurationList;
			buildConfigurations = (
				FE63B8E61B8DD661002C06F7 /* Debug */,
				FE63B8E71B8DD661002C06F7 /* Release */,
			);
			defaultConfigurationIsVisible = 0;
			defaultConfigurationName = Release;
		};
		FE63B9051B8DD728002C06F7 /* Build configuration list for PBXNativeTarget "WatchKitUI WatchKit App" */ = {
			isa = XCConfigurationList;
			buildConfigurations = (
				FE63B9061B8DD728002C06F7 /* Debug */,
				FE63B9071B8DD728002C06F7 /* Release */,
			);
			defaultConfigurationIsVisible = 0;
			defaultConfigurationName = Release;
		};
		FE63B9081B8DD728002C06F7 /* Build configuration list for PBXNativeTarget "WatchKitUI WatchKit Extension" */ = {
			isa = XCConfigurationList;
			buildConfigurations = (
				FE63B9091B8DD728002C06F7 /* Debug */,
				FE63B90A1B8DD728002C06F7 /* Release */,
			);
			defaultConfigurationIsVisible = 0;
			defaultConfigurationName = Release;
		};
/* End XCConfigurationList section */
	};
	rootObject = FE63B8BB1B8DD661002C06F7 /* Project object */;
}
